
Microsoft Visual Studio Solution File, Format Version 12.00
# Visual Studio Version 16
VisualStudioVersion = 16.0.30907.101
MinimumVisualStudioVersion = 10.0.40219.1
Project("{9A19103F-16F7-4668-BE54-9A1E7A4F7556}") = "Mvp24Hours.Core", "Mvp24Hours.Core\Mvp24Hours.Core.csproj", "{3303E8ED-0010-4B02-9144-B8FE2C25A839}"
EndProject
Project("{9A19103F-16F7-4668-BE54-9A1E7A4F7556}") = "Mvp24Hours.Infrastructure", "Mvp24Hours.Infrastructure\Mvp24Hours.Infrastructure.csproj", "{B15CB895-3194-49C3-B292-DEC9095746C5}"
EndProject
Project("{9A19103F-16F7-4668-BE54-9A1E7A4F7556}") = "Mvp24Hours.Infrastructure.Data", "Mvp24Hours.Infrastructure.Data\Mvp24Hours.Infrastructure.Data.csproj", "{163C3713-21EE-4E4B-B83F-6FD985B9FEE0}"
EndProject
Project("{9A19103F-16F7-4668-BE54-9A1E7A4F7556}") = "Mvp24Hours.Application", "Mvp24Hours.Application\Mvp24Hours.Application.csproj", "{B14D6BDF-D8EF-491B-80CF-C3EBB5A77F11}"
EndProject
Project("{9A19103F-16F7-4668-BE54-9A1E7A4F7556}") = "Mvp24Hours.WebAPI", "Mvp24Hours.WebAPI\Mvp24Hours.WebAPI.csproj", "{B29C21E9-0F09-41EA-BAA4-972428070205}"
EndProject
Project("{9A19103F-16F7-4668-BE54-9A1E7A4F7556}") = "Mvp24Hours.Infrastructure.Data.SQLServer", "Mvp24Hours.Infrastructure.Data.SQLServer\Mvp24Hours.Infrastructure.Data.SQLServer.csproj", "{6A2D5E26-E17F-4EBD-AE43-CD859E829897}"
EndProject
Global
	GlobalSection(SolutionConfigurationPlatforms) = preSolution
		Debug|Any CPU = Debug|Any CPU
		Release|Any CPU = Release|Any CPU
	EndGlobalSection
	GlobalSection(ProjectConfigurationPlatforms) = postSolution
		{3303E8ED-0010-4B02-9144-B8FE2C25A839}.Debug|Any CPU.ActiveCfg = Debug|Any CPU
		{3303E8ED-0010-4B02-9144-B8FE2C25A839}.Debug|Any CPU.Build.0 = Debug|Any CPU
		{3303E8ED-0010-4B02-9144-B8FE2C25A839}.Release|Any CPU.ActiveCfg = Release|Any CPU
		{3303E8ED-0010-4B02-9144-B8FE2C25A839}.Release|Any CPU.Build.0 = Release|Any CPU
		{B15CB895-3194-49C3-B292-DEC9095746C5}.Debug|Any CPU.ActiveCfg = Debug|Any CPU
		{B15CB895-3194-49C3-B292-DEC9095746C5}.Debug|Any CPU.Build.0 = Debug|Any CPU
		{B15CB895-3194-49C3-B292-DEC9095746C5}.Release|Any CPU.ActiveCfg = Release|Any CPU
		{B15CB895-3194-49C3-B292-DEC9095746C5}.Release|Any CPU.Build.0 = Release|Any CPU
		{163C3713-21EE-4E4B-B83F-6FD985B9FEE0}.Debug|Any CPU.ActiveCfg = Debug|Any CPU
		{163C3713-21EE-4E4B-B83F-6FD985B9FEE0}.Debug|Any CPU.Build.0 = Debug|Any CPU
		{163C3713-21EE-4E4B-B83F-6FD985B9FEE0}.Release|Any CPU.ActiveCfg = Release|Any CPU
		{163C3713-21EE-4E4B-B83F-6FD985B9FEE0}.Release|Any CPU.Build.0 = Release|Any CPU
		{B14D6BDF-D8EF-491B-80CF-C3EBB5A77F11}.Debug|Any CPU.ActiveCfg = Debug|Any CPU
		{B14D6BDF-D8EF-491B-80CF-C3EBB5A77F11}.Debug|Any CPU.Build.0 = Debug|Any CPU
		{B14D6BDF-D8EF-491B-80CF-C3EBB5A77F11}.Release|Any CPU.ActiveCfg = Release|Any CPU
		{B14D6BDF-D8EF-491B-80CF-C3EBB5A77F11}.Release|Any CPU.Build.0 = Release|Any CPU
		{B29C21E9-0F09-41EA-BAA4-972428070205}.Debug|Any CPU.ActiveCfg = Debug|Any CPU
		{B29C21E9-0F09-41EA-BAA4-972428070205}.Debug|Any CPU.Build.0 = Debug|Any CPU
		{B29C21E9-0F09-41EA-BAA4-972428070205}.Release|Any CPU.ActiveCfg = Release|Any CPU
		{B29C21E9-0F09-41EA-BAA4-972428070205}.Release|Any CPU.Build.0 = Release|Any CPU
		{6A2D5E26-E17F-4EBD-AE43-CD859E829897}.Debug|Any CPU.ActiveCfg = Debug|Any CPU
		{6A2D5E26-E17F-4EBD-AE43-CD859E829897}.Debug|Any CPU.Build.0 = Debug|Any CPU
		{6A2D5E26-E17F-4EBD-AE43-CD859E829897}.Release|Any CPU.ActiveCfg = Release|Any CPU
		{6A2D5E26-E17F-4EBD-AE43-CD859E829897}.Release|Any CPU.Build.0 = Release|Any CPU
	EndGlobalSection
	GlobalSection(SolutionProperties) = preSolution
		HideSolutionNode = FALSE
	EndGlobalSection
	GlobalSection(ExtensibilityGlobals) = postSolution
		SolutionGuid = {F28CB1EA-EE53-45E7-9D2F-355D50F818D0}
	EndGlobalSection
EndGlobal
