
Microsoft Visual Studio Solution File, Format Version 12.00
# Visual Studio Version 16
VisualStudioVersion = 16.0.30907.101
MinimumVisualStudioVersion = 10.0.40219.1
Project("{9A19103F-16F7-4668-BE54-9A1E7A4F7556}") = "Mvp24Hours.Core", "Mvp24Hours.Core\Mvp24Hours.Core.csproj", "{3303E8ED-0010-4B02-9144-B8FE2C25A839}"
EndProject
Project("{9A19103F-16F7-4668-BE54-9A1E7A4F7556}") = "Mvp24Hours.Infrastructure", "Mvp24Hours.Infrastructure\Mvp24Hours.Infrastructure.csproj", "{B15CB895-3194-49C3-B292-DEC9095746C5}"
EndProject
Project("{9A19103F-16F7-4668-BE54-9A1E7A4F7556}") = "Mvp24Hours.Infrastructure.Data.EFCore", "Mvp24Hours.Infrastructure.Data.EFCore\Mvp24Hours.Infrastructure.Data.EFCore.csproj", "{163C3713-21EE-4E4B-B83F-6FD985B9FEE0}"
EndProject
Project("{9A19103F-16F7-4668-BE54-9A1E7A4F7556}") = "Mvp24Hours.Application", "Mvp24Hours.Application\Mvp24Hours.Application.csproj", "{B14D6BDF-D8EF-491B-80CF-C3EBB5A77F11}"
EndProject
Project("{9A19103F-16F7-4668-BE54-9A1E7A4F7556}") = "Mvp24Hours.WebAPI", "Mvp24Hours.WebAPI\Mvp24Hours.WebAPI.csproj", "{B29C21E9-0F09-41EA-BAA4-972428070205}"
EndProject
Project("{9A19103F-16F7-4668-BE54-9A1E7A4F7556}") = "Mvp24Hours.Infrastructure.Data.MongoDb", "Mvp24Hours.Infrastructure.Data.MongoDb\Mvp24Hours.Infrastructure.Data.MongoDb.csproj", "{E4209472-27FC-43DB-A840-0E72CA9D6E5F}"
EndProject
Project("{2150E333-8FDC-42A3-9474-1A3956D46DE8}") = "Tests", "Tests", "{B19FC8A6-B1BB-4E0B-8150-E4CC0C55D05C}"
EndProject
Project("{9A19103F-16F7-4668-BE54-9A1E7A4F7556}") = "Mvp24Hours.Application.MongoDb.Test", "Tests\Mvp24Hours.Application.MongoDb.Test\Mvp24Hours.Application.MongoDb.Test.csproj", "{812AE7FF-A16A-425A-B416-4458D00F0B45}"
EndProject
Project("{9A19103F-16F7-4668-BE54-9A1E7A4F7556}") = "Mvp24Hours.Application.Redis.Test", "Tests\Mvp24Hours.Application.Redis.Test\Mvp24Hours.Application.Redis.Test.csproj", "{657620A9-4E9D-4760-A178-A2CF25D948D5}"
EndProject
Project("{9A19103F-16F7-4668-BE54-9A1E7A4F7556}") = "Mvp24Hours.Application.SQLServer.Test", "Tests\Mvp24Hours.Application.SQLServer.Test\Mvp24Hours.Application.SQLServer.Test.csproj", "{4CDB96F3-3482-492D-BA37-FAAF30FF7F7F}"
EndProject
Project("{9A19103F-16F7-4668-BE54-9A1E7A4F7556}") = "Mvp24Hours.Application.PostgreSql.Test", "Tests\Mvp24Hours.Application.PostgreSql.Test\Mvp24Hours.Application.PostgreSql.Test.csproj", "{18E363C0-AEEA-4731-ABC2-7AEDB6B014B7}"
EndProject
Project("{9A19103F-16F7-4668-BE54-9A1E7A4F7556}") = "Mvp24Hours.Application.MySql.Test", "Tests\Mvp24Hours.Application.MySql.Test\Mvp24Hours.Application.MySql.Test.csproj", "{6F5F60A6-5B44-4B7B-B696-F63389772F81}"
EndProject
Project("{9A19103F-16F7-4668-BE54-9A1E7A4F7556}") = "Mvp24Hours.Infrastructure.Pipe", "Mvp24Hours.Infrastructure.Pipe\Mvp24Hours.Infrastructure.Pipe.csproj", "{87D99650-59DC-4878-BA50-57C59F048858}"
EndProject
Project("{9A19103F-16F7-4668-BE54-9A1E7A4F7556}") = "Mvp24Hours.Application.Pipe.Test", "Tests\Mvp24Hours.Application.Pipe.Test\Mvp24Hours.Application.Pipe.Test.csproj", "{98754928-13F1-48C4-9E06-1FEC25A5AEAC}"
EndProject
Project("{9A19103F-16F7-4668-BE54-9A1E7A4F7556}") = "Mvp24Hours.Patterns.Test", "Tests\Mvp24Hours.Patterns.Test\Mvp24Hours.Patterns.Test.csproj", "{FB2DD1F8-E9E0-406B-8B33-E67581F1CABC}"
EndProject
Project("{9A19103F-16F7-4668-BE54-9A1E7A4F7556}") = "Mvp24Hours.Infrastructure.RabbitMQ", "Mvp24Hours.Infrastructure.RabbitMQ\Mvp24Hours.Infrastructure.RabbitMQ.csproj", "{B82C0CD7-E641-4258-A145-711F0A3E1C10}"
EndProject
Project("{9A19103F-16F7-4668-BE54-9A1E7A4F7556}") = "Mvp24Hours.Application.RabbitMQ.Test", "Tests\Mvp24Hours.Application.RabbitMQ.Test\Mvp24Hours.Application.RabbitMQ.Test.csproj", "{6BDCA772-4E93-46CE-B117-A75B70446ED4}"
EndProject
Project("{2150E333-8FDC-42A3-9474-1A3956D46DE8}") = "Mvp24Hours", "Mvp24Hours", "{4751893B-A1CF-4D94-988F-201AB810C470}"
EndProject
Project("{2150E333-8FDC-42A3-9474-1A3956D46DE8}") = "POCs", "POCs", "{A7A9C5B2-77FA-4BA7-AF11-C604DB44C393}"
EndProject
Project("{2150E333-8FDC-42A3-9474-1A3956D46DE8}") = "Pipeline", "Pipeline", "{E03C0522-6CC2-462D-8679-A9ACF222BD8D}"
EndProject
Project("{9A19103F-16F7-4668-BE54-9A1E7A4F7556}") = "PipelineAPI.Core", "..\..\mvp24hours-netcore-pipeline-poc\src\PipelineAPI.Core\PipelineAPI.Core.csproj", "{1B283776-CF8A-4E22-B7F0-313F828396C0}"
EndProject
Project("{9A19103F-16F7-4668-BE54-9A1E7A4F7556}") = "PipelineAPI.Application", "..\..\mvp24hours-netcore-pipeline-poc\src\PipelineAPI.Application\PipelineAPI.Application.csproj", "{3A9001B0-65E5-4483-A152-79669AEE6B88}"
EndProject
Project("{2150E333-8FDC-42A3-9474-1A3956D46DE8}") = "Modules", "Modules", "{0CBE3BDD-C4E9-4924-98C7-ECE75A716896}"
EndProject
Project("{9A19103F-16F7-4668-BE54-9A1E7A4F7556}") = "PipelineAPI.Application.IntegrationFile", "..\..\mvp24hours-netcore-pipeline-poc\src\Modules\PipelineAPI.Application.IntegrationFile\PipelineAPI.Application.IntegrationFile.csproj", "{A10D3B45-6F36-42A3-A72D-FB0AEA7CC3C6}"
EndProject
Project("{9A19103F-16F7-4668-BE54-9A1E7A4F7556}") = "PipelineAPI.Application.IntegrationWeb", "..\..\mvp24hours-netcore-pipeline-poc\src\Modules\PipelineAPI.Application.IntegrationWeb\PipelineAPI.Application.IntegrationWeb.csproj", "{2E35A9BA-2001-4F52-AB8E-9E86A8CE1D2F}"
EndProject
Project("{9A19103F-16F7-4668-BE54-9A1E7A4F7556}") = "PipelineAPI.WebAPI", "..\..\mvp24hours-netcore-pipeline-poc\src\PipelineAPI.WebAPI\PipelineAPI.WebAPI.csproj", "{4C69CED7-F102-4B20-9F0B-3B7AD93DA8A4}"
EndProject
Project("{9A19103F-16F7-4668-BE54-9A1E7A4F7556}") = "Mvp24Hours.Infrastructure.Caching", "Mvp24Hours.Infrastructure.Caching\Mvp24Hours.Infrastructure.Caching.csproj", "{C261B678-BFD2-4D06-8679-71034EFC8BE1}"
EndProject
Project("{9A19103F-16F7-4668-BE54-9A1E7A4F7556}") = "Mvp24Hours.Infrastructure.Caching.Redis", "Mvp24Hours.Infrastructure.Caching.Redis\Mvp24Hours.Infrastructure.Caching.Redis.csproj", "{0CB8F224-691D-42A0-B986-BF4F26D5910B}"
EndProject
Project("{2150E333-8FDC-42A3-9474-1A3956D46DE8}") = "Persistence", "Persistence", "{39E401BE-ABFF-43F1-8182-F4EE799A2CEA}"
EndProject
Project("{2150E333-8FDC-42A3-9474-1A3956D46DE8}") = "01 - Domains", "01 - Domains", "{F82EDEEF-A046-48E9-AD05-2CAF336A861D}"
EndProject
Project("{9A19103F-16F7-4668-BE54-9A1E7A4F7556}") = "CustomerAPI.Core", "..\..\mvp24hours-poc-netcore-vue\src\customer-api\CustomerAPI.Core\CustomerAPI.Core.csproj", "{2B9BDCFE-F26F-4BD5-AA57-F439771C3D50}"
EndProject
Project("{2150E333-8FDC-42A3-9474-1A3956D46DE8}") = "03 - Applications", "03 - Applications", "{8F570AFD-4B67-4014-AF45-68AF15926A47}"
EndProject
Project("{9A19103F-16F7-4668-BE54-9A1E7A4F7556}") = "CustomerAPI.Application", "..\..\mvp24hours-poc-netcore-vue\src\customer-api\CustomerAPI.Application\CustomerAPI.Application.csproj", "{6EA7F3C0-1037-4B3E-B8FC-DCBB2CB71570}"
EndProject
Project("{9A19103F-16F7-4668-BE54-9A1E7A4F7556}") = "CustomerAPI.Infrastructure", "..\..\mvp24hours-poc-netcore-vue\src\customer-api\CustomerAPI.Infrastructure\CustomerAPI.Infrastructure.csproj", "{20E9542A-2935-4E19-B2B0-14D5C4775EC6}"
EndProject
Project("{2150E333-8FDC-42A3-9474-1A3956D46DE8}") = "04 - Presentations", "04 - Presentations", "{C6FDF956-F9D7-4304-BDF7-99B1F3DE5F01}"
EndProject
Project("{9A19103F-16F7-4668-BE54-9A1E7A4F7556}") = "CustomerAPI.WebAPI", "..\..\mvp24hours-poc-netcore-vue\src\customer-api\CustomerAPI.WebAPI\CustomerAPI.WebAPI.csproj", "{01D09831-5AD8-4AB5-B453-85C1A56FEF89}"
EndProject
Project("{2150E333-8FDC-42A3-9474-1A3956D46DE8}") = "02 - Infrastructure", "02 - Infrastructure", "{545FA4E0-04ED-4EE3-A5DF-A005F515373C}"
EndProject
Global
	GlobalSection(SolutionConfigurationPlatforms) = preSolution
		Debug|Any CPU = Debug|Any CPU
		Release|Any CPU = Release|Any CPU
	EndGlobalSection
	GlobalSection(ProjectConfigurationPlatforms) = postSolution
		{3303E8ED-0010-4B02-9144-B8FE2C25A839}.Debug|Any CPU.ActiveCfg = Debug|Any CPU
		{3303E8ED-0010-4B02-9144-B8FE2C25A839}.Debug|Any CPU.Build.0 = Debug|Any CPU
		{3303E8ED-0010-4B02-9144-B8FE2C25A839}.Release|Any CPU.ActiveCfg = Release|Any CPU
		{3303E8ED-0010-4B02-9144-B8FE2C25A839}.Release|Any CPU.Build.0 = Release|Any CPU
		{B15CB895-3194-49C3-B292-DEC9095746C5}.Debug|Any CPU.ActiveCfg = Debug|Any CPU
		{B15CB895-3194-49C3-B292-DEC9095746C5}.Debug|Any CPU.Build.0 = Debug|Any CPU
		{B15CB895-3194-49C3-B292-DEC9095746C5}.Release|Any CPU.ActiveCfg = Release|Any CPU
		{B15CB895-3194-49C3-B292-DEC9095746C5}.Release|Any CPU.Build.0 = Release|Any CPU
		{163C3713-21EE-4E4B-B83F-6FD985B9FEE0}.Debug|Any CPU.ActiveCfg = Debug|Any CPU
		{163C3713-21EE-4E4B-B83F-6FD985B9FEE0}.Debug|Any CPU.Build.0 = Debug|Any CPU
		{163C3713-21EE-4E4B-B83F-6FD985B9FEE0}.Release|Any CPU.ActiveCfg = Release|Any CPU
		{163C3713-21EE-4E4B-B83F-6FD985B9FEE0}.Release|Any CPU.Build.0 = Release|Any CPU
		{B14D6BDF-D8EF-491B-80CF-C3EBB5A77F11}.Debug|Any CPU.ActiveCfg = Debug|Any CPU
		{B14D6BDF-D8EF-491B-80CF-C3EBB5A77F11}.Debug|Any CPU.Build.0 = Debug|Any CPU
		{B14D6BDF-D8EF-491B-80CF-C3EBB5A77F11}.Release|Any CPU.ActiveCfg = Release|Any CPU
		{B14D6BDF-D8EF-491B-80CF-C3EBB5A77F11}.Release|Any CPU.Build.0 = Release|Any CPU
		{B29C21E9-0F09-41EA-BAA4-972428070205}.Debug|Any CPU.ActiveCfg = Debug|Any CPU
		{B29C21E9-0F09-41EA-BAA4-972428070205}.Debug|Any CPU.Build.0 = Debug|Any CPU
		{B29C21E9-0F09-41EA-BAA4-972428070205}.Release|Any CPU.ActiveCfg = Release|Any CPU
		{B29C21E9-0F09-41EA-BAA4-972428070205}.Release|Any CPU.Build.0 = Release|Any CPU
		{E4209472-27FC-43DB-A840-0E72CA9D6E5F}.Debug|Any CPU.ActiveCfg = Debug|Any CPU
		{E4209472-27FC-43DB-A840-0E72CA9D6E5F}.Debug|Any CPU.Build.0 = Debug|Any CPU
		{E4209472-27FC-43DB-A840-0E72CA9D6E5F}.Release|Any CPU.ActiveCfg = Release|Any CPU
		{E4209472-27FC-43DB-A840-0E72CA9D6E5F}.Release|Any CPU.Build.0 = Release|Any CPU
		{812AE7FF-A16A-425A-B416-4458D00F0B45}.Debug|Any CPU.ActiveCfg = Debug|Any CPU
		{812AE7FF-A16A-425A-B416-4458D00F0B45}.Debug|Any CPU.Build.0 = Debug|Any CPU
		{812AE7FF-A16A-425A-B416-4458D00F0B45}.Release|Any CPU.ActiveCfg = Release|Any CPU
		{812AE7FF-A16A-425A-B416-4458D00F0B45}.Release|Any CPU.Build.0 = Release|Any CPU
		{657620A9-4E9D-4760-A178-A2CF25D948D5}.Debug|Any CPU.ActiveCfg = Debug|Any CPU
		{657620A9-4E9D-4760-A178-A2CF25D948D5}.Debug|Any CPU.Build.0 = Debug|Any CPU
		{657620A9-4E9D-4760-A178-A2CF25D948D5}.Release|Any CPU.ActiveCfg = Release|Any CPU
		{657620A9-4E9D-4760-A178-A2CF25D948D5}.Release|Any CPU.Build.0 = Release|Any CPU
		{4CDB96F3-3482-492D-BA37-FAAF30FF7F7F}.Debug|Any CPU.ActiveCfg = Debug|Any CPU
		{4CDB96F3-3482-492D-BA37-FAAF30FF7F7F}.Debug|Any CPU.Build.0 = Debug|Any CPU
		{4CDB96F3-3482-492D-BA37-FAAF30FF7F7F}.Release|Any CPU.ActiveCfg = Release|Any CPU
		{4CDB96F3-3482-492D-BA37-FAAF30FF7F7F}.Release|Any CPU.Build.0 = Release|Any CPU
		{18E363C0-AEEA-4731-ABC2-7AEDB6B014B7}.Debug|Any CPU.ActiveCfg = Debug|Any CPU
		{18E363C0-AEEA-4731-ABC2-7AEDB6B014B7}.Debug|Any CPU.Build.0 = Debug|Any CPU
		{18E363C0-AEEA-4731-ABC2-7AEDB6B014B7}.Release|Any CPU.ActiveCfg = Release|Any CPU
		{18E363C0-AEEA-4731-ABC2-7AEDB6B014B7}.Release|Any CPU.Build.0 = Release|Any CPU
		{6F5F60A6-5B44-4B7B-B696-F63389772F81}.Debug|Any CPU.ActiveCfg = Debug|Any CPU
		{6F5F60A6-5B44-4B7B-B696-F63389772F81}.Debug|Any CPU.Build.0 = Debug|Any CPU
		{6F5F60A6-5B44-4B7B-B696-F63389772F81}.Release|Any CPU.ActiveCfg = Release|Any CPU
		{6F5F60A6-5B44-4B7B-B696-F63389772F81}.Release|Any CPU.Build.0 = Release|Any CPU
		{87D99650-59DC-4878-BA50-57C59F048858}.Debug|Any CPU.ActiveCfg = Debug|Any CPU
		{87D99650-59DC-4878-BA50-57C59F048858}.Debug|Any CPU.Build.0 = Debug|Any CPU
		{87D99650-59DC-4878-BA50-57C59F048858}.Release|Any CPU.ActiveCfg = Release|Any CPU
		{87D99650-59DC-4878-BA50-57C59F048858}.Release|Any CPU.Build.0 = Release|Any CPU
		{98754928-13F1-48C4-9E06-1FEC25A5AEAC}.Debug|Any CPU.ActiveCfg = Debug|Any CPU
		{98754928-13F1-48C4-9E06-1FEC25A5AEAC}.Debug|Any CPU.Build.0 = Debug|Any CPU
		{98754928-13F1-48C4-9E06-1FEC25A5AEAC}.Release|Any CPU.ActiveCfg = Release|Any CPU
		{98754928-13F1-48C4-9E06-1FEC25A5AEAC}.Release|Any CPU.Build.0 = Release|Any CPU
		{FB2DD1F8-E9E0-406B-8B33-E67581F1CABC}.Debug|Any CPU.ActiveCfg = Debug|Any CPU
		{FB2DD1F8-E9E0-406B-8B33-E67581F1CABC}.Debug|Any CPU.Build.0 = Debug|Any CPU
		{FB2DD1F8-E9E0-406B-8B33-E67581F1CABC}.Release|Any CPU.ActiveCfg = Release|Any CPU
		{FB2DD1F8-E9E0-406B-8B33-E67581F1CABC}.Release|Any CPU.Build.0 = Release|Any CPU
		{B82C0CD7-E641-4258-A145-711F0A3E1C10}.Debug|Any CPU.ActiveCfg = Debug|Any CPU
		{B82C0CD7-E641-4258-A145-711F0A3E1C10}.Debug|Any CPU.Build.0 = Debug|Any CPU
		{B82C0CD7-E641-4258-A145-711F0A3E1C10}.Release|Any CPU.ActiveCfg = Release|Any CPU
		{B82C0CD7-E641-4258-A145-711F0A3E1C10}.Release|Any CPU.Build.0 = Release|Any CPU
		{6BDCA772-4E93-46CE-B117-A75B70446ED4}.Debug|Any CPU.ActiveCfg = Debug|Any CPU
		{6BDCA772-4E93-46CE-B117-A75B70446ED4}.Debug|Any CPU.Build.0 = Debug|Any CPU
		{6BDCA772-4E93-46CE-B117-A75B70446ED4}.Release|Any CPU.ActiveCfg = Release|Any CPU
		{6BDCA772-4E93-46CE-B117-A75B70446ED4}.Release|Any CPU.Build.0 = Release|Any CPU
		{1B283776-CF8A-4E22-B7F0-313F828396C0}.Debug|Any CPU.ActiveCfg = Debug|Any CPU
		{1B283776-CF8A-4E22-B7F0-313F828396C0}.Debug|Any CPU.Build.0 = Debug|Any CPU
		{1B283776-CF8A-4E22-B7F0-313F828396C0}.Release|Any CPU.ActiveCfg = Release|Any CPU
		{1B283776-CF8A-4E22-B7F0-313F828396C0}.Release|Any CPU.Build.0 = Release|Any CPU
		{3A9001B0-65E5-4483-A152-79669AEE6B88}.Debug|Any CPU.ActiveCfg = Debug|Any CPU
		{3A9001B0-65E5-4483-A152-79669AEE6B88}.Debug|Any CPU.Build.0 = Debug|Any CPU
		{3A9001B0-65E5-4483-A152-79669AEE6B88}.Release|Any CPU.ActiveCfg = Release|Any CPU
		{3A9001B0-65E5-4483-A152-79669AEE6B88}.Release|Any CPU.Build.0 = Release|Any CPU
		{A10D3B45-6F36-42A3-A72D-FB0AEA7CC3C6}.Debug|Any CPU.ActiveCfg = Debug|Any CPU
		{A10D3B45-6F36-42A3-A72D-FB0AEA7CC3C6}.Debug|Any CPU.Build.0 = Debug|Any CPU
		{A10D3B45-6F36-42A3-A72D-FB0AEA7CC3C6}.Release|Any CPU.ActiveCfg = Release|Any CPU
		{A10D3B45-6F36-42A3-A72D-FB0AEA7CC3C6}.Release|Any CPU.Build.0 = Release|Any CPU
		{2E35A9BA-2001-4F52-AB8E-9E86A8CE1D2F}.Debug|Any CPU.ActiveCfg = Debug|Any CPU
		{2E35A9BA-2001-4F52-AB8E-9E86A8CE1D2F}.Debug|Any CPU.Build.0 = Debug|Any CPU
		{2E35A9BA-2001-4F52-AB8E-9E86A8CE1D2F}.Release|Any CPU.ActiveCfg = Release|Any CPU
		{2E35A9BA-2001-4F52-AB8E-9E86A8CE1D2F}.Release|Any CPU.Build.0 = Release|Any CPU
		{4C69CED7-F102-4B20-9F0B-3B7AD93DA8A4}.Debug|Any CPU.ActiveCfg = Debug|Any CPU
		{4C69CED7-F102-4B20-9F0B-3B7AD93DA8A4}.Debug|Any CPU.Build.0 = Debug|Any CPU
		{4C69CED7-F102-4B20-9F0B-3B7AD93DA8A4}.Release|Any CPU.ActiveCfg = Release|Any CPU
		{4C69CED7-F102-4B20-9F0B-3B7AD93DA8A4}.Release|Any CPU.Build.0 = Release|Any CPU
		{C261B678-BFD2-4D06-8679-71034EFC8BE1}.Debug|Any CPU.ActiveCfg = Debug|Any CPU
		{C261B678-BFD2-4D06-8679-71034EFC8BE1}.Debug|Any CPU.Build.0 = Debug|Any CPU
		{C261B678-BFD2-4D06-8679-71034EFC8BE1}.Release|Any CPU.ActiveCfg = Release|Any CPU
		{C261B678-BFD2-4D06-8679-71034EFC8BE1}.Release|Any CPU.Build.0 = Release|Any CPU
		{0CB8F224-691D-42A0-B986-BF4F26D5910B}.Debug|Any CPU.ActiveCfg = Debug|Any CPU
		{0CB8F224-691D-42A0-B986-BF4F26D5910B}.Debug|Any CPU.Build.0 = Debug|Any CPU
		{0CB8F224-691D-42A0-B986-BF4F26D5910B}.Release|Any CPU.ActiveCfg = Release|Any CPU
		{0CB8F224-691D-42A0-B986-BF4F26D5910B}.Release|Any CPU.Build.0 = Release|Any CPU
		{2B9BDCFE-F26F-4BD5-AA57-F439771C3D50}.Debug|Any CPU.ActiveCfg = Debug|Any CPU
		{2B9BDCFE-F26F-4BD5-AA57-F439771C3D50}.Debug|Any CPU.Build.0 = Debug|Any CPU
		{2B9BDCFE-F26F-4BD5-AA57-F439771C3D50}.Release|Any CPU.ActiveCfg = Release|Any CPU
		{2B9BDCFE-F26F-4BD5-AA57-F439771C3D50}.Release|Any CPU.Build.0 = Release|Any CPU
		{6EA7F3C0-1037-4B3E-B8FC-DCBB2CB71570}.Debug|Any CPU.ActiveCfg = Debug|Any CPU
		{6EA7F3C0-1037-4B3E-B8FC-DCBB2CB71570}.Debug|Any CPU.Build.0 = Debug|Any CPU
		{6EA7F3C0-1037-4B3E-B8FC-DCBB2CB71570}.Release|Any CPU.ActiveCfg = Release|Any CPU
		{6EA7F3C0-1037-4B3E-B8FC-DCBB2CB71570}.Release|Any CPU.Build.0 = Release|Any CPU
		{20E9542A-2935-4E19-B2B0-14D5C4775EC6}.Debug|Any CPU.ActiveCfg = Debug|Any CPU
		{20E9542A-2935-4E19-B2B0-14D5C4775EC6}.Debug|Any CPU.Build.0 = Debug|Any CPU
		{20E9542A-2935-4E19-B2B0-14D5C4775EC6}.Release|Any CPU.ActiveCfg = Release|Any CPU
		{20E9542A-2935-4E19-B2B0-14D5C4775EC6}.Release|Any CPU.Build.0 = Release|Any CPU
		{01D09831-5AD8-4AB5-B453-85C1A56FEF89}.Debug|Any CPU.ActiveCfg = Debug|Any CPU
		{01D09831-5AD8-4AB5-B453-85C1A56FEF89}.Debug|Any CPU.Build.0 = Debug|Any CPU
		{01D09831-5AD8-4AB5-B453-85C1A56FEF89}.Release|Any CPU.ActiveCfg = Release|Any CPU
		{01D09831-5AD8-4AB5-B453-85C1A56FEF89}.Release|Any CPU.Build.0 = Release|Any CPU
	EndGlobalSection
	GlobalSection(SolutionProperties) = preSolution
		HideSolutionNode = FALSE
	EndGlobalSection
	GlobalSection(NestedProjects) = preSolution
		{3303E8ED-0010-4B02-9144-B8FE2C25A839} = {4751893B-A1CF-4D94-988F-201AB810C470}
		{B15CB895-3194-49C3-B292-DEC9095746C5} = {4751893B-A1CF-4D94-988F-201AB810C470}
		{163C3713-21EE-4E4B-B83F-6FD985B9FEE0} = {4751893B-A1CF-4D94-988F-201AB810C470}
		{B14D6BDF-D8EF-491B-80CF-C3EBB5A77F11} = {4751893B-A1CF-4D94-988F-201AB810C470}
		{B29C21E9-0F09-41EA-BAA4-972428070205} = {4751893B-A1CF-4D94-988F-201AB810C470}
		{E4209472-27FC-43DB-A840-0E72CA9D6E5F} = {4751893B-A1CF-4D94-988F-201AB810C470}
		{812AE7FF-A16A-425A-B416-4458D00F0B45} = {B19FC8A6-B1BB-4E0B-8150-E4CC0C55D05C}
		{657620A9-4E9D-4760-A178-A2CF25D948D5} = {B19FC8A6-B1BB-4E0B-8150-E4CC0C55D05C}
		{4CDB96F3-3482-492D-BA37-FAAF30FF7F7F} = {B19FC8A6-B1BB-4E0B-8150-E4CC0C55D05C}
		{18E363C0-AEEA-4731-ABC2-7AEDB6B014B7} = {B19FC8A6-B1BB-4E0B-8150-E4CC0C55D05C}
		{6F5F60A6-5B44-4B7B-B696-F63389772F81} = {B19FC8A6-B1BB-4E0B-8150-E4CC0C55D05C}
		{87D99650-59DC-4878-BA50-57C59F048858} = {4751893B-A1CF-4D94-988F-201AB810C470}
		{98754928-13F1-48C4-9E06-1FEC25A5AEAC} = {B19FC8A6-B1BB-4E0B-8150-E4CC0C55D05C}
		{FB2DD1F8-E9E0-406B-8B33-E67581F1CABC} = {B19FC8A6-B1BB-4E0B-8150-E4CC0C55D05C}
		{B82C0CD7-E641-4258-A145-711F0A3E1C10} = {4751893B-A1CF-4D94-988F-201AB810C470}
		{6BDCA772-4E93-46CE-B117-A75B70446ED4} = {B19FC8A6-B1BB-4E0B-8150-E4CC0C55D05C}
		{E03C0522-6CC2-462D-8679-A9ACF222BD8D} = {A7A9C5B2-77FA-4BA7-AF11-C604DB44C393}
		{1B283776-CF8A-4E22-B7F0-313F828396C0} = {E03C0522-6CC2-462D-8679-A9ACF222BD8D}
		{3A9001B0-65E5-4483-A152-79669AEE6B88} = {E03C0522-6CC2-462D-8679-A9ACF222BD8D}
		{0CBE3BDD-C4E9-4924-98C7-ECE75A716896} = {E03C0522-6CC2-462D-8679-A9ACF222BD8D}
		{A10D3B45-6F36-42A3-A72D-FB0AEA7CC3C6} = {0CBE3BDD-C4E9-4924-98C7-ECE75A716896}
		{2E35A9BA-2001-4F52-AB8E-9E86A8CE1D2F} = {0CBE3BDD-C4E9-4924-98C7-ECE75A716896}
		{4C69CED7-F102-4B20-9F0B-3B7AD93DA8A4} = {E03C0522-6CC2-462D-8679-A9ACF222BD8D}
		{C261B678-BFD2-4D06-8679-71034EFC8BE1} = {4751893B-A1CF-4D94-988F-201AB810C470}
		{0CB8F224-691D-42A0-B986-BF4F26D5910B} = {4751893B-A1CF-4D94-988F-201AB810C470}
		{39E401BE-ABFF-43F1-8182-F4EE799A2CEA} = {A7A9C5B2-77FA-4BA7-AF11-C604DB44C393}
		{F82EDEEF-A046-48E9-AD05-2CAF336A861D} = {39E401BE-ABFF-43F1-8182-F4EE799A2CEA}
		{2B9BDCFE-F26F-4BD5-AA57-F439771C3D50} = {F82EDEEF-A046-48E9-AD05-2CAF336A861D}
		{8F570AFD-4B67-4014-AF45-68AF15926A47} = {39E401BE-ABFF-43F1-8182-F4EE799A2CEA}
		{6EA7F3C0-1037-4B3E-B8FC-DCBB2CB71570} = {8F570AFD-4B67-4014-AF45-68AF15926A47}
		{20E9542A-2935-4E19-B2B0-14D5C4775EC6} = {545FA4E0-04ED-4EE3-A5DF-A005F515373C}
		{C6FDF956-F9D7-4304-BDF7-99B1F3DE5F01} = {39E401BE-ABFF-43F1-8182-F4EE799A2CEA}
		{01D09831-5AD8-4AB5-B453-85C1A56FEF89} = {C6FDF956-F9D7-4304-BDF7-99B1F3DE5F01}
		{545FA4E0-04ED-4EE3-A5DF-A005F515373C} = {39E401BE-ABFF-43F1-8182-F4EE799A2CEA}
	EndGlobalSection
	GlobalSection(ExtensibilityGlobals) = postSolution
		SolutionGuid = {1CAAF17E-39C7-40C6-A4BE-09BC5EE90B95}
	EndGlobalSection
EndGlobal
